
Microsoft Visual Studio Solution File, Format Version 12.00
# Visual Studio Version 16
VisualStudioVersion = 16.0.30330.147
MinimumVisualStudioVersion = 10.0.40219.1
Project("{FAE04EC0-301F-11D3-BF4B-00C04F79EFBC}") = "SpecFlowProjectWorkbench", "SpecFlowProjectWorkbench\SpecFlowProjectWorkbench.csproj", "{586956D7-5141-42DA-BB6E-AB8F89616077}"
EndProject
Global
	GlobalSection(SolutionConfigurationPlatforms) = preSolution
		Debug|Any CPU = Debug|Any CPU
		Release|Any CPU = Release|Any CPU
	EndGlobalSection
	GlobalSection(ProjectConfigurationPlatforms) = postSolution
		{586956D7-5141-42DA-BB6E-AB8F89616077}.Debug|Any CPU.ActiveCfg = Debug|Any CPU
		{586956D7-5141-42DA-BB6E-AB8F89616077}.Debug|Any CPU.Build.0 = Debug|Any CPU
		{586956D7-5141-42DA-BB6E-AB8F89616077}.Release|Any CPU.ActiveCfg = Release|Any CPU
		{586956D7-5141-42DA-BB6E-AB8F89616077}.Release|Any CPU.Build.0 = Release|Any CPU
	EndGlobalSection
	GlobalSection(SolutionProperties) = preSolution
		HideSolutionNode = FALSE
	EndGlobalSection
	GlobalSection(ExtensibilityGlobals) = postSolution
		SolutionGuid = {73FFB91A-197A-46C2-9FEC-EE83CB9584B9}
	EndGlobalSection
EndGlobal
